<?xml version="1.0" encoding="utf-8"?>
<Project ToolsVersion="4.0" xmlns="http://schemas.microsoft.com/developer/msbuild/2003">
  <ItemGroup>
    <Filter Include="Source Files">
      <UniqueIdentifier>{4FC737F1-C7A5-4376-A066-2A32D752A2FF}</UniqueIdentifier>
      <Extensions>cpp;c;cc;cxx;def;odl;idl;hpj;bat;asm;asmx</Extensions>
    </Filter>
    <Filter Include="Header Files">
      <UniqueIdentifier>{93995380-89BD-4b04-88EB-625FBE52EBFB}</UniqueIdentifier>
      <Extensions>h;hh;hpp;hxx;hm;inl;inc;ipp;xsd</Extensions>
    </Filter>
    <Filter Include="Resource Files">
      <UniqueIdentifier>{67DA6AB6-F800-4c08-8B7A-83BB121AAD01}</UniqueIdentifier>
      <Extensions>rc;ico;cur;bmp;dlg;rc2;rct;bin;rgs;gif;jpg;jpeg;jpe;resx;tiff;tif;png;wav;mfcribbon-ms</Extensions>
    </Filter>
    <Filter Include="Framwork">
      <UniqueIdentifier>{621057fb-4cd6-43b5-8eef-e65708f75c40}</UniqueIdentifier>
    </Filter>
    <Filter Include="Framwork\MapReader">
      <UniqueIdentifier>{50c3bfeb-7bb3-4634-bea8-9470e02688ca}</UniqueIdentifier>
    </Filter>
    <Filter Include="Framwork\GameObjects">
      <UniqueIdentifier>{a0fca5ca-b640-400d-ab08-0063ab872c72}</UniqueIdentifier>
    </Filter>
    <Filter Include="Framwork\GameComponent">
      <UniqueIdentifier>{a9fb47d3-fc23-4a56-9e0d-a252be31eab2}</UniqueIdentifier>
    </Filter>
  </ItemGroup>
  <ItemGroup>
    <ClCompile Include="main.cpp">
      <Filter>Source Files</Filter>
    </ClCompile>
    <ClCompile Include="GameObject.cpp">
      <Filter>Framwork\GameObjects</Filter>
    </ClCompile>
    <ClCompile Include="Simon.cpp">
      <Filter>Framwork\GameObjects</Filter>
    </ClCompile>
    <ClCompile Include="Game.cpp">
      <Filter>Framwork\GameComponent</Filter>
    </ClCompile>
    <ClCompile Include="debug.cpp">
      <Filter>Framwork\GameComponent</Filter>
    </ClCompile>
  </ItemGroup>
  <ItemGroup>
    <ClInclude Include="GameObject.h">
      <Filter>Framwork\GameObjects</Filter>
    </ClInclude>
    <ClInclude Include="Simon.h">
      <Filter>Framwork\GameObjects</Filter>
    </ClInclude>
    <ClInclude Include="Game.h">
      <Filter>Framwork\GameComponent</Filter>
    </ClInclude>
    <ClInclude Include="debug.h">
      <Filter>Framwork\GameComponent</Filter>
    </ClInclude>
  </ItemGroup>
</Project>