<?xml version="1.0" encoding="utf-8"?>
<Project ToolsVersion="4.0" xmlns="http://schemas.microsoft.com/developer/msbuild/2003">
  <ItemGroup>
    <ClCompile Include="main.cpp" />
    <ClCompile Include="Brick.cpp">
      <Filter>Source</Filter>
    </ClCompile>
    <ClCompile Include="debug.cpp">
      <Filter>Source</Filter>
    </ClCompile>
    <ClCompile Include="Game.cpp">
      <Filter>Source</Filter>
    </ClCompile>
    <ClCompile Include="GameObject.cpp">
      <Filter>Source</Filter>
    </ClCompile>
    <ClCompile Include="Goomba.cpp">
      <Filter>Source</Filter>
    </ClCompile>
    <ClCompile Include="Simon.cpp">
      <Filter>Source</Filter>
    </ClCompile>
    <ClCompile Include="Sprites.cpp">
      <Filter>Source</Filter>
    </ClCompile>
    <ClCompile Include="Textures.cpp">
      <Filter>Source</Filter>
    </ClCompile>
    <ClCompile Include="Whip.cpp">
      <Filter>Source</Filter>
    </ClCompile>
    <ClCompile Include="tinystr.cpp" />
    <ClCompile Include="tinyxml.cpp" />
    <ClCompile Include="tinyxmlerror.cpp" />
    <ClCompile Include="tinyxmlparser.cpp" />
    <ClCompile Include="SampleKeyHander.cpp" />
  </ItemGroup>
  <ItemGroup>
    <ClInclude Include="Brick.h">
      <Filter>Header</Filter>
    </ClInclude>
    <ClInclude Include="debug.h">
      <Filter>Header</Filter>
    </ClInclude>
    <ClInclude Include="Game.h">
      <Filter>Header</Filter>
    </ClInclude>
    <ClInclude Include="GameObject.h">
      <Filter>Header</Filter>
    </ClInclude>
    <ClInclude Include="Goomba.h">
      <Filter>Header</Filter>
    </ClInclude>
    <ClInclude Include="Simon.h">
      <Filter>Header</Filter>
    </ClInclude>
    <ClInclude Include="Sprites.h">
      <Filter>Header</Filter>
    </ClInclude>
    <ClInclude Include="Textures.h">
      <Filter>Header</Filter>
    </ClInclude>
    <ClInclude Include="Whip.h">
      <Filter>Source</Filter>
    </ClInclude>
    <ClInclude Include="tinystr.h" />
    <ClInclude Include="tinyxml.h" />
    <ClInclude Include="SampleKeyHander.h" />
  </ItemGroup>
  <ItemGroup>
    <Filter Include="Header">
      <UniqueIdentifier>{514748e0-07b2-4f3f-98f3-5be46fc900f7}</UniqueIdentifier>
    </Filter>
    <Filter Include="Source">
      <UniqueIdentifier>{c2cdfcfc-4720-43e0-989f-a1fefa1025ee}</UniqueIdentifier>
    </Filter>
  </ItemGroup>
  <ItemGroup>
    <Xml Include="SimonSprites.xml" />
  </ItemGroup>
</Project>