<?xml version="1.0" encoding="utf-8"?>
<Project ToolsVersion="4.0" xmlns="http://schemas.microsoft.com/developer/msbuild/2003">
  <ItemGroup>
    <ClCompile Include="main.cpp" />
    <ClCompile Include="Brick.cpp">
      <Filter>Source</Filter>
    </ClCompile>
    <ClCompile Include="Whip.cpp">
      <Filter>Source</Filter>
    </ClCompile>
    <ClCompile Include="tinystr.cpp">
      <Filter>LoadFile\XML</Filter>
    </ClCompile>
    <ClCompile Include="tinyxml.cpp">
      <Filter>LoadFile\XML</Filter>
    </ClCompile>
    <ClCompile Include="tinyxmlerror.cpp">
      <Filter>LoadFile\XML</Filter>
    </ClCompile>
    <ClCompile Include="tinyxmlparser.cpp">
      <Filter>LoadFile\XML</Filter>
    </ClCompile>
    <ClCompile Include="Candle.cpp">
      <Filter>Source</Filter>
    </ClCompile>
    <ClCompile Include="Weapon.cpp">
      <Filter>Source</Filter>
    </ClCompile>
    <ClCompile Include="Scenes.cpp" />
    <ClCompile Include="debug.cpp">
      <Filter>Framwork</Filter>
    </ClCompile>
    <ClCompile Include="Game.cpp">
      <Filter>Framwork</Filter>
    </ClCompile>
    <ClCompile Include="GameObject.cpp">
      <Filter>Framwork</Filter>
    </ClCompile>
    <ClCompile Include="Sprites.cpp">
      <Filter>Framwork</Filter>
    </ClCompile>
    <ClCompile Include="Textures.cpp">
      <Filter>Framwork</Filter>
    </ClCompile>
    <ClCompile Include="Zombie.cpp">
      <Filter>Enemy</Filter>
    </ClCompile>
    <ClCompile Include="Enemy.cpp">
      <Filter>Enemy</Filter>
    </ClCompile>
    <ClCompile Include="CFishMan.cpp">
      <Filter>Enemy</Filter>
    </ClCompile>
    <ClCompile Include="Dog.cpp">
      <Filter>Enemy</Filter>
    </ClCompile>
    <ClCompile Include="Bat.cpp">
      <Filter>Enemy</Filter>
    </ClCompile>
    <ClCompile Include="Simon.cpp">
      <Filter>Source</Filter>
    </ClCompile>
    <ClCompile Include="CTileMap.cpp">
      <Filter>Map</Filter>
    </ClCompile>
  </ItemGroup>
  <ItemGroup>
    <ClInclude Include="tinystr.h">
      <Filter>LoadFile\XML</Filter>
    </ClInclude>
    <ClInclude Include="tinyxml.h">
      <Filter>LoadFile\XML</Filter>
    </ClInclude>
    <ClInclude Include="Scenes.h" />
    <ClInclude Include="GameObject.h">
      <Filter>Framwork</Filter>
    </ClInclude>
    <ClInclude Include="debug.h">
      <Filter>Framwork</Filter>
    </ClInclude>
    <ClInclude Include="Game.h">
      <Filter>Framwork</Filter>
    </ClInclude>
    <ClInclude Include="Textures.h">
      <Filter>Framwork</Filter>
    </ClInclude>
    <ClInclude Include="Sprites.h">
      <Filter>Framwork</Filter>
    </ClInclude>
    <ClInclude Include="Enemy.h">
      <Filter>Enemy</Filter>
    </ClInclude>
    <ClInclude Include="CFishMan.h">
      <Filter>Enemy</Filter>
    </ClInclude>
    <ClInclude Include="Zombie.h">
      <Filter>Enemy</Filter>
    </ClInclude>
    <ClInclude Include="define.h">
      <Filter>Source</Filter>
    </ClInclude>
    <ClInclude Include="Dog.h">
      <Filter>Enemy</Filter>
    </ClInclude>
    <ClInclude Include="Bat.h">
      <Filter>Enemy</Filter>
    </ClInclude>
    <ClInclude Include="Simon.h">
      <Filter>Source</Filter>
    </ClInclude>
    <ClInclude Include="CTileMap.h">
      <Filter>Map</Filter>
    </ClInclude>
    <ClInclude Include="Weapon.h">
      <Filter>Source</Filter>
    </ClInclude>
    <ClInclude Include="Brick.h">
      <Filter>Source</Filter>
    </ClInclude>
    <ClInclude Include="Candle.h">
      <Filter>Source</Filter>
    </ClInclude>
    <ClInclude Include="Whip.h">
      <Filter>Source</Filter>
    </ClInclude>
  </ItemGroup>
  <ItemGroup>
    <Filter Include="Header">
      <UniqueIdentifier>{514748e0-07b2-4f3f-98f3-5be46fc900f7}</UniqueIdentifier>
    </Filter>
    <Filter Include="Source">
      <UniqueIdentifier>{c2cdfcfc-4720-43e0-989f-a1fefa1025ee}</UniqueIdentifier>
    </Filter>
    <Filter Include="LoadFile">
      <UniqueIdentifier>{c80796f6-cf6d-4766-9532-e7171b77406b}</UniqueIdentifier>
    </Filter>
    <Filter Include="LoadFile\XML">
      <UniqueIdentifier>{d09bfba4-b9d8-4ab3-8c86-077a3184b0c3}</UniqueIdentifier>
    </Filter>
    <Filter Include="Framwork">
      <UniqueIdentifier>{60e55cf1-9b6c-42c3-9b89-de774c9a2e11}</UniqueIdentifier>
    </Filter>
    <Filter Include="Player">
      <UniqueIdentifier>{7618f8aa-a33d-42cd-ba27-d10a3d767ded}</UniqueIdentifier>
    </Filter>
    <Filter Include="Enemy">
      <UniqueIdentifier>{ecd4fe30-1ae6-4189-96f5-6784d3066973}</UniqueIdentifier>
    </Filter>
    <Filter Include="Map">
      <UniqueIdentifier>{a324e09f-6937-443b-9f76-8e7e946b0db5}</UniqueIdentifier>
    </Filter>
  </ItemGroup>
  <ItemGroup>
    <Text Include="textures\Resources.txt">
      <Filter>LoadFile</Filter>
    </Text>
    <Text Include="textures\scene1-map.txt">
      <Filter>LoadFile</Filter>
    </Text>
  </ItemGroup>
  <ItemGroup>
    <Xml Include="Textures.xml">
      <Filter>LoadFile</Filter>
    </Xml>
  </ItemGroup>
  <ItemGroup>
    <Image Include="textures\003-entrance.png">
      <Filter>LoadFile</Filter>
    </Image>
    <Image Include="textures\bbox.png">
      <Filter>LoadFile</Filter>
    </Image>
    <Image Include="textures\brick.png">
      <Filter>LoadFile</Filter>
    </Image>
    <Image Include="textures\full-simon.png">
      <Filter>LoadFile</Filter>
    </Image>
    <Image Include="textures\Items.png">
      <Filter>LoadFile</Filter>
    </Image>
    <Image Include="textures\tileset_map1.png">
      <Filter>LoadFile</Filter>
    </Image>
    <Image Include="textures\Level1.png">
      <Filter>LoadFile</Filter>
    </Image>
    <Image Include="textures\scene1.png">
      <Filter>LoadFile</Filter>
    </Image>
    <Image Include="textures\enemies.png">
      <Filter>LoadFile</Filter>
    </Image>
    <Image Include="textures\mario.png">
      <Filter>LoadFile</Filter>
    </Image>
    <Image Include="textures\misc.png">
      <Filter>LoadFile</Filter>
    </Image>
    <Image Include="textures\whip-full.png">
      <Filter>LoadFile</Filter>
    </Image>
  </ItemGroup>
</Project>